// !$*UTF8*$!
{
	archiveVersion = 1;
	classes = {
	};
	objectVersion = 55;
	objects = {

/* Begin PBXBuildFile section */
		98A7A44F279E9B1C007B7808 /* AppDelegate.swift in Sources */ = {isa = PBXBuildFile; fileRef = 98A7A44E279E9B1C007B7808 /* AppDelegate.swift */; };
		98A7A451279E9B1C007B7808 /* SceneDelegate.swift in Sources */ = {isa = PBXBuildFile; fileRef = 98A7A450279E9B1C007B7808 /* SceneDelegate.swift */; };
		98A7A453279E9B1C007B7808 /* ViewController.swift in Sources */ = {isa = PBXBuildFile; fileRef = 98A7A452279E9B1C007B7808 /* ViewController.swift */; };
		98A7A456279E9B1C007B7808 /* Main.storyboard in Resources */ = {isa = PBXBuildFile; fileRef = 98A7A454279E9B1C007B7808 /* Main.storyboard */; };
		98A7A458279E9B1E007B7808 /* Assets.xcassets in Resources */ = {isa = PBXBuildFile; fileRef = 98A7A457279E9B1E007B7808 /* Assets.xcassets */; };
		98A7A45B279E9B1E007B7808 /* LaunchScreen.storyboard in Resources */ = {isa = PBXBuildFile; fileRef = 98A7A459279E9B1E007B7808 /* LaunchScreen.storyboard */; };
		98A7A465279EA6A4007B7808 /* DiaryCell.swift in Sources */ = {isa = PBXBuildFile; fileRef = 98A7A464279EA6A4007B7808 /* DiaryCell.swift */; };
		98BCCBBD279F0B4800E133C4 /* StarViewController.swift in Sources */ = {isa = PBXBuildFile; fileRef = 98BCCBBC279F0B4800E133C4 /* StarViewController.swift */; };
		98BCCBBF279F0BF300E133C4 /* StarCell.swift in Sources */ = {isa = PBXBuildFile; fileRef = 98BCCBBE279F0BF300E133C4 /* StarCell.swift */; };
		98BCCBC1279FB33E00E133C4 /* WriteDiaryViewController.swift in Sources */ = {isa = PBXBuildFile; fileRef = 98BCCBC0279FB33E00E133C4 /* WriteDiaryViewController.swift */; };
		98BCCBC3279FB86E00E133C4 /* DiaryDetailViewController.swift in Sources */ = {isa = PBXBuildFile; fileRef = 98BCCBC2279FB86E00E133C4 /* DiaryDetailViewController.swift */; };
		98BCCBC527A00BBE00E133C4 /* Diary.swift in Sources */ = {isa = PBXBuildFile; fileRef = 98BCCBC427A00BBE00E133C4 /* Diary.swift */; };
/* End PBXBuildFile section */

/* Begin PBXFileReference section */
		98A7A44B279E9B1C007B7808 /* Diary.app */ = {isa = PBXFileReference; explicitFileType = wrapper.application; includeInIndex = 0; path = Diary.app; sourceTree = BUILT_PRODUCTS_DIR; };
		98A7A44E279E9B1C007B7808 /* AppDelegate.swift */ = {isa = PBXFileReference; lastKnownFileType = sourcecode.swift; path = AppDelegate.swift; sourceTree = "<group>"; };
		98A7A450279E9B1C007B7808 /* SceneDelegate.swift */ = {isa = PBXFileReference; lastKnownFileType = sourcecode.swift; path = SceneDelegate.swift; sourceTree = "<group>"; };
		98A7A452279E9B1C007B7808 /* ViewController.swift */ = {isa = PBXFileReference; lastKnownFileType = sourcecode.swift; path = ViewController.swift; sourceTree = "<group>"; };
		98A7A455279E9B1C007B7808 /* Base */ = {isa = PBXFileReference; lastKnownFileType = file.storyboard; name = Base; path = Base.lproj/Main.storyboard; sourceTree = "<group>"; };
		98A7A457279E9B1E007B7808 /* Assets.xcassets */ = {isa = PBXFileReference; lastKnownFileType = folder.assetcatalog; path = Assets.xcassets; sourceTree = "<group>"; };
		98A7A45A279E9B1E007B7808 /* Base */ = {isa = PBXFileReference; lastKnownFileType = file.storyboard; name = Base; path = Base.lproj/LaunchScreen.storyboard; sourceTree = "<group>"; };
		98A7A45C279E9B1E007B7808 /* Info.plist */ = {isa = PBXFileReference; lastKnownFileType = text.plist.xml; path = Info.plist; sourceTree = "<group>"; };
		98A7A464279EA6A4007B7808 /* DiaryCell.swift */ = {isa = PBXFileReference; lastKnownFileType = sourcecode.swift; path = DiaryCell.swift; sourceTree = "<group>"; };
		98BCCBBC279F0B4800E133C4 /* StarViewController.swift */ = {isa = PBXFileReference; lastKnownFileType = sourcecode.swift; path = StarViewController.swift; sourceTree = "<group>"; };
		98BCCBBE279F0BF300E133C4 /* StarCell.swift */ = {isa = PBXFileReference; lastKnownFileType = sourcecode.swift; path = StarCell.swift; sourceTree = "<group>"; };
		98BCCBC0279FB33E00E133C4 /* WriteDiaryViewController.swift */ = {isa = PBXFileReference; lastKnownFileType = sourcecode.swift; path = WriteDiaryViewController.swift; sourceTree = "<group>"; };
		98BCCBC2279FB86E00E133C4 /* DiaryDetailViewController.swift */ = {isa = PBXFileReference; lastKnownFileType = sourcecode.swift; path = DiaryDetailViewController.swift; sourceTree = "<group>"; };
		98BCCBC427A00BBE00E133C4 /* Diary.swift */ = {isa = PBXFileReference; lastKnownFileType = sourcecode.swift; path = Diary.swift; sourceTree = "<group>"; };
/* End PBXFileReference section */

/* Begin PBXFrameworksBuildPhase section */
		98A7A448279E9B1C007B7808 /* Frameworks */ = {
			isa = PBXFrameworksBuildPhase;
			buildActionMask = 2147483647;
			files = (
			);
			runOnlyForDeploymentPostprocessing = 0;
		};
/* End PBXFrameworksBuildPhase section */

/* Begin PBXGroup section */
		98A7A442279E9B1C007B7808 = {
			isa = PBXGroup;
			children = (
				98A7A44D279E9B1C007B7808 /* Diary */,
				98A7A44C279E9B1C007B7808 /* Products */,
			);
			sourceTree = "<group>";
		};
		98A7A44C279E9B1C007B7808 /* Products */ = {
			isa = PBXGroup;
			children = (
				98A7A44B279E9B1C007B7808 /* Diary.app */,
			);
			name = Products;
			sourceTree = "<group>";
		};
		98A7A44D279E9B1C007B7808 /* Diary */ = {
			isa = PBXGroup;
			children = (
				98A7A44E279E9B1C007B7808 /* AppDelegate.swift */,
				98A7A450279E9B1C007B7808 /* SceneDelegate.swift */,
				98A7A454279E9B1C007B7808 /* Main.storyboard */,
				98A7A452279E9B1C007B7808 /* ViewController.swift */,
				98BCCBBC279F0B4800E133C4 /* StarViewController.swift */,
				98BCCBC0279FB33E00E133C4 /* WriteDiaryViewController.swift */,
				98BCCBC2279FB86E00E133C4 /* DiaryDetailViewController.swift */,
				98A7A457279E9B1E007B7808 /* Assets.xcassets */,
				98A7A464279EA6A4007B7808 /* DiaryCell.swift */,
				98BCCBBE279F0BF300E133C4 /* StarCell.swift */,
				98BCCBC427A00BBE00E133C4 /* Diary.swift */,
				98A7A459279E9B1E007B7808 /* LaunchScreen.storyboard */,
				98A7A45C279E9B1E007B7808 /* Info.plist */,
			);
			path = Diary;
			sourceTree = "<group>";
		};
/* End PBXGroup section */

/* Begin PBXNativeTarget section */
		98A7A44A279E9B1C007B7808 /* Diary */ = {
			isa = PBXNativeTarget;
			buildConfigurationList = 98A7A45F279E9B1E007B7808 /* Build configuration list for PBXNativeTarget "Diary" */;
			buildPhases = (
				98A7A447279E9B1C007B7808 /* Sources */,
				98A7A448279E9B1C007B7808 /* Frameworks */,
				98A7A449279E9B1C007B7808 /* Resources */,
			);
			buildRules = (
			);
			dependencies = (
			);
			name = Diary;
			productName = Diary;
			productReference = 98A7A44B279E9B1C007B7808 /* Diary.app */;
			productType = "com.apple.product-type.application";
		};
/* End PBXNativeTarget section */

/* Begin PBXProject section */
		98A7A443279E9B1C007B7808 /* Project object */ = {
			isa = PBXProject;
			attributes = {
				BuildIndependentTargetsInParallel = 1;
				LastSwiftUpdateCheck = 1320;
				LastUpgradeCheck = 1320;
				TargetAttributes = {
					98A7A44A279E9B1C007B7808 = {
						CreatedOnToolsVersion = 13.2.1;
					};
				};
			};
			buildConfigurationList = 98A7A446279E9B1C007B7808 /* Build configuration list for PBXProject "Diary" */;
			compatibilityVersion = "Xcode 13.0";
			developmentRegion = en;
			hasScannedForEncodings = 0;
			knownRegions = (
				en,
				Base,
			);
			mainGroup = 98A7A442279E9B1C007B7808;
			productRefGroup = 98A7A44C279E9B1C007B7808 /* Products */;
			projectDirPath = "";
			projectRoot = "";
			targets = (
				98A7A44A279E9B1C007B7808 /* Diary */,
			);
		};
/* End PBXProject section */

/* Begin PBXResourcesBuildPhase section */
		98A7A449279E9B1C007B7808 /* Resources */ = {
			isa = PBXResourcesBuildPhase;
			buildActionMask = 2147483647;
			files = (
				98A7A45B279E9B1E007B7808 /* LaunchScreen.storyboard in Resources */,
				98A7A458279E9B1E007B7808 /* Assets.xcassets in Resources */,
				98A7A456279E9B1C007B7808 /* Main.storyboard in Resources */,
			);
			runOnlyForDeploymentPostprocessing = 0;
		};
/* End PBXResourcesBuildPhase section */

/* Begin PBXSourcesBuildPhase section */
		98A7A447279E9B1C007B7808 /* Sources */ = {
			isa = PBXSourcesBuildPhase;
			buildActionMask = 2147483647;
			files = (
				98A7A453279E9B1C007B7808 /* ViewController.swift in Sources */,
				98BCCBC1279FB33E00E133C4 /* WriteDiaryViewController.swift in Sources */,
				98BCCBBF279F0BF300E133C4 /* StarCell.swift in Sources */,
				98A7A44F279E9B1C007B7808 /* AppDelegate.swift in Sources */,
				98A7A451279E9B1C007B7808 /* SceneDelegate.swift in Sources */,
				98BCCBC527A00BBE00E133C4 /* Diary.swift in Sources */,
				98BCCBC3279FB86E00E133C4 /* DiaryDetailViewController.swift in Sources */,
				98A7A465279EA6A4007B7808 /* DiaryCell.swift in Sources */,
				98BCCBBD279F0B4800E133C4 /* StarViewController.swift in Sources */,
			);
			runOnlyForDeploymentPostprocessing = 0;
		};
/* End PBXSourcesBuildPhase section */

/* Begin PBXVariantGroup section */
		98A7A454279E9B1C007B7808 /* Main.storyboard */ = {
			isa = PBXVariantGroup;
			children = (
				98A7A455279E9B1C007B7808 /* Base */,
			);
			name = Main.storyboard;
			sourceTree = "<group>";
		};
		98A7A459279E9B1E007B7808 /* LaunchScreen.storyboard */ = {
			isa = PBXVariantGroup;
			children = (
				98A7A45A279E9B1E007B7808 /* Base */,
			);
			name = LaunchScreen.storyboard;
			sourceTree = "<group>";
		};
/* End PBXVariantGroup section */

/* Begin XCBuildConfiguration section */
		98A7A45D279E9B1E007B7808 /* Debug */ = {
			isa = XCBuildConfiguration;
			buildSettings = {
				ALWAYS_SEARCH_USER_PATHS = NO;
				CLANG_ANALYZER_NONNULL = YES;
				CLANG_ANALYZER_NUMBER_OBJECT_CONVERSION = YES_AGGRESSIVE;
				CLANG_CXX_LANGUAGE_STANDARD = "gnu++17";
				CLANG_CXX_LIBRARY = "libc++";
				CLANG_ENABLE_MODULES = YES;
				CLANG_ENABLE_OBJC_ARC = YES;
				CLANG_ENABLE_OBJC_WEAK = YES;
				CLANG_WARN_BLOCK_CAPTURE_AUTORELEASING = YES;
				CLANG_WARN_BOOL_CONVERSION = YES;
				CLANG_WARN_COMMA = YES;
				CLANG_WARN_CONSTANT_CONVERSION = YES;
				CLANG_WARN_DEPRECATED_OBJC_IMPLEMENTATIONS = YES;
				CLANG_WARN_DIRECT_OBJC_ISA_USAGE = YES_ERROR;
				CLANG_WARN_DOCUMENTATION_COMMENTS = YES;
				CLANG_WARN_EMPTY_BODY = YES;
				CLANG_WARN_ENUM_CONVERSION = YES;
				CLANG_WARN_INFINITE_RECURSION = YES;
				CLANG_WARN_INT_CONVERSION = YES;
				CLANG_WARN_NON_LITERAL_NULL_CONVERSION = YES;
				CLANG_WARN_OBJC_IMPLICIT_RETAIN_SELF = YES;
				CLANG_WARN_OBJC_LITERAL_CONVERSION = YES;
				CLANG_WARN_OBJC_ROOT_CLASS = YES_ERROR;
				CLANG_WARN_QUOTED_INCLUDE_IN_FRAMEWORK_HEADER = YES;
				CLANG_WARN_RANGE_LOOP_ANALYSIS = YES;
				CLANG_WARN_STRICT_PROTOTYPES = YES;
				CLANG_WARN_SUSPICIOUS_MOVE = YES;
				CLANG_WARN_UNGUARDED_AVAILABILITY = YES_AGGRESSIVE;
				CLANG_WARN_UNREACHABLE_CODE = YES;
				CLANG_WARN__DUPLICATE_METHOD_MATCH = YES;
				COPY_PHASE_STRIP = NO;
				DEBUG_INFORMATION_FORMAT = dwarf;
				ENABLE_STRICT_OBJC_MSGSEND = YES;
				ENABLE_TESTABILITY = YES;
				GCC_C_LANGUAGE_STANDARD = gnu11;
				GCC_DYNAMIC_NO_PIC = NO;
				GCC_NO_COMMON_BLOCKS = YES;
				GCC_OPTIMIZATION_LEVEL = 0;
				GCC_PREPROCESSOR_DEFINITIONS = (
					"DEBUG=1",
					"$(inherited)",
				);
				GCC_WARN_64_TO_32_BIT_CONVERSION = YES;
				GCC_WARN_ABOUT_RETURN_TYPE = YES_ERROR;
				GCC_WARN_UNDECLARED_SELECTOR = YES;
				GCC_WARN_UNINITIALIZED_AUTOS = YES_AGGRESSIVE;
				GCC_WARN_UNUSED_FUNCTION = YES;
				GCC_WARN_UNUSED_VARIABLE = YES;
				IPHONEOS_DEPLOYMENT_TARGET = 15.2;
				MTL_ENABLE_DEBUG_INFO = INCLUDE_SOURCE;
				MTL_FAST_MATH = YES;
				ONLY_ACTIVE_ARCH = YES;
				SDKROOT = iphoneos;
				SWIFT_ACTIVE_COMPILATION_CONDITIONS = DEBUG;
				SWIFT_OPTIMIZATION_LEVEL = "-Onone";
			};
			name = Debug;
		};
		98A7A45E279E9B1E007B7808 /* Release */ = {
			isa = XCBuildConfiguration;
			buildSettings = {
				ALWAYS_SEARCH_USER_PATHS = NO;
				CLANG_ANALYZER_NONNULL = YES;
				CLANG_ANALYZER_NUMBER_OBJECT_CONVERSION = YES_AGGRESSIVE;
				CLANG_CXX_LANGUAGE_STANDARD = "gnu++17";
				CLANG_CXX_LIBRARY = "libc++";
				CLANG_ENABLE_MODULES = YES;
				CLANG_ENABLE_OBJC_ARC = YES;
				CLANG_ENABLE_OBJC_WEAK = YES;
				CLANG_WARN_BLOCK_CAPTURE_AUTORELEASING = YES;
				CLANG_WARN_BOOL_CONVERSION = YES;
				CLANG_WARN_COMMA = YES;
				CLANG_WARN_CONSTANT_CONVERSION = YES;
				CLANG_WARN_DEPRECATED_OBJC_IMPLEMENTATIONS = YES;
				CLANG_WARN_DIRECT_OBJC_ISA_USAGE = YES_ERROR;
				CLANG_WARN_DOCUMENTATION_COMMENTS = YES;
				CLANG_WARN_EMPTY_BODY = YES;
				CLANG_WARN_ENUM_CONVERSION = YES;
				CLANG_WARN_INFINITE_RECURSION = YES;
				CLANG_WARN_INT_CONVERSION = YES;
				CLANG_WARN_NON_LITERAL_NULL_CONVERSION = YES;
				CLANG_WARN_OBJC_IMPLICIT_RETAIN_SELF = YES;
				CLANG_WARN_OBJC_LITERAL_CONVERSION = YES;
				CLANG_WARN_OBJC_ROOT_CLASS = YES_ERROR;
				CLANG_WARN_QUOTED_INCLUDE_IN_FRAMEWORK_HEADER = YES;
				CLANG_WARN_RANGE_LOOP_ANALYSIS = YES;
				CLANG_WARN_STRICT_PROTOTYPES = YES;
				CLANG_WARN_SUSPICIOUS_MOVE = YES;
				CLANG_WARN_UNGUARDED_AVAILABILITY = YES_AGGRESSIVE;
				CLANG_WARN_UNREACHABLE_CODE = YES;
				CLANG_WARN__DUPLICATE_METHOD_MATCH = YES;
				COPY_PHASE_STRIP = NO;
				DEBUG_INFORMATION_FORMAT = "dwarf-with-dsym";
				ENABLE_NS_ASSERTIONS = NO;
				ENABLE_STRICT_OBJC_MSGSEND = YES;
				GCC_C_LANGUAGE_STANDARD = gnu11;
				GCC_NO_COMMON_BLOCKS = YES;
				GCC_WARN_64_TO_32_BIT_CONVERSION = YES;
				GCC_WARN_ABOUT_RETURN_TYPE = YES_ERROR;
				GCC_WARN_UNDECLARED_SELECTOR = YES;
				GCC_WARN_UNINITIALIZED_AUTOS = YES_AGGRESSIVE;
				GCC_WARN_UNUSED_FUNCTION = YES;
				GCC_WARN_UNUSED_VARIABLE = YES;
				IPHONEOS_DEPLOYMENT_TARGET = 15.2;
				MTL_ENABLE_DEBUG_INFO = NO;
				MTL_FAST_MATH = YES;
				SDKROOT = iphoneos;
				SWIFT_COMPILATION_MODE = wholemodule;
				SWIFT_OPTIMIZATION_LEVEL = "-O";
				VALIDATE_PRODUCT = YES;
			};
			name = Release;
		};
		98A7A460279E9B1E007B7808 /* Debug */ = {
			isa = XCBuildConfiguration;
			buildSettings = {
				ASSETCATALOG_COMPILER_APPICON_NAME = AppIcon;
				ASSETCATALOG_COMPILER_GLOBAL_ACCENT_COLOR_NAME = AccentColor;
				CODE_SIGN_STYLE = Automatic;
				CURRENT_PROJECT_VERSION = 1;
				DEVELOPMENT_TEAM = PN5JFN8NYT;
				GENERATE_INFOPLIST_FILE = YES;
				INFOPLIST_FILE = Diary/Info.plist;
				INFOPLIST_KEY_UIApplicationSupportsIndirectInputEvents = YES;
				INFOPLIST_KEY_UILaunchStoryboardName = LaunchScreen;
				INFOPLIST_KEY_UIMainStoryboardFile = Main;
				INFOPLIST_KEY_UISupportedInterfaceOrientations_iPad = "UIInterfaceOrientationPortrait UIInterfaceOrientationPortraitUpsideDown UIInterfaceOrientationLandscapeLeft UIInterfaceOrientationLandscapeRight";
				INFOPLIST_KEY_UISupportedInterfaceOrientations_iPhone = "UIInterfaceOrientationPortrait UIInterfaceOrientationLandscapeLeft UIInterfaceOrientationLandscapeRight";
				LD_RUNPATH_SEARCH_PATHS = (
					"$(inherited)",
					"@executable_path/Frameworks",
				);
				MARKETING_VERSION = 1.0;
				PRODUCT_BUNDLE_IDENTIFIER = yoonjong.Diary;
				PRODUCT_NAME = "$(TARGET_NAME)";
				SWIFT_EMIT_LOC_STRINGS = YES;
				SWIFT_VERSION = 5.0;
				TARGETED_DEVICE_FAMILY = "1,2";
			};
			name = Debug;
		};
		98A7A461279E9B1E007B7808 /* Release */ = {
			isa = XCBuildConfiguration;
			buildSettings = {
				ASSETCATALOG_COMPILER_APPICON_NAME = AppIcon;
				ASSETCATALOG_COMPILER_GLOBAL_ACCENT_COLOR_NAME = AccentColor;
				CODE_SIGN_STYLE = Automatic;
				CURRENT_PROJECT_VERSION = 1;
				DEVELOPMENT_TEAM = PN5JFN8NYT;
				GENERATE_INFOPLIST_FILE = YES;
				INFOPLIST_FILE = Diary/Info.plist;
				INFOPLIST_KEY_UIApplicationSupportsIndirectInputEvents = YES;
				INFOPLIST_KEY_UILaunchStoryboardName = LaunchScreen;
				INFOPLIST_KEY_UIMainStoryboardFile = Main;
				INFOPLIST_KEY_UISupportedInterfaceOrientations_iPad = "UIInterfaceOrientationPortrait UIInterfaceOrientationPortraitUpsideDown UIInterfaceOrientationLandscapeLeft UIInterfaceOrientationLandscapeRight";
				INFOPLIST_KEY_UISupportedInterfaceOrientations_iPhone = "UIInterfaceOrientationPortrait UIInterfaceOrientationLandscapeLeft UIInterfaceOrientationLandscapeRight";
				LD_RUNPATH_SEARCH_PATHS = (
					"$(inherited)",
					"@executable_path/Frameworks",
				);
				MARKETING_VERSION = 1.0;
				PRODUCT_BUNDLE_IDENTIFIER = yoonjong.Diary;
				PRODUCT_NAME = "$(TARGET_NAME)";
				SWIFT_EMIT_LOC_STRINGS = YES;
				SWIFT_VERSION = 5.0;
				TARGETED_DEVICE_FAMILY = "1,2";
			};
			name = Release;
		};
/* End XCBuildConfiguration section */

/* Begin XCConfigurationList section */
		98A7A446279E9B1C007B7808 /* Build configuration list for PBXProject "Diary" */ = {
			isa = XCConfigurationList;
			buildConfigurations = (
				98A7A45D279E9B1E007B7808 /* Debug */,
				98A7A45E279E9B1E007B7808 /* Release */,
			);
			defaultConfigurationIsVisible = 0;
			defaultConfigurationName = Release;
		};
		98A7A45F279E9B1E007B7808 /* Build configuration list for PBXNativeTarget "Diary" */ = {
			isa = XCConfigurationList;
			buildConfigurations = (
				98A7A460279E9B1E007B7808 /* Debug */,
				98A7A461279E9B1E007B7808 /* Release */,
			);
			defaultConfigurationIsVisible = 0;
			defaultConfigurationName = Release;
		};
/* End XCConfigurationList section */
	};
	rootObject = 98A7A443279E9B1C007B7808 /* Project object */;
}
