// !$*UTF8*$!
{
	archiveVersion = 1;
	classes = {
	};
	objectVersion = 55;
	objects = {

/* Begin PBXBuildFile section */
		9859FF9828002CEF0007E6BE /* AppDelegate.swift in Sources */ = {isa = PBXBuildFile; fileRef = 9859FF9728002CEF0007E6BE /* AppDelegate.swift */; };
		9859FF9A28002CEF0007E6BE /* SceneDelegate.swift in Sources */ = {isa = PBXBuildFile; fileRef = 9859FF9928002CEF0007E6BE /* SceneDelegate.swift */; };
		9859FF9C28002CEF0007E6BE /* TabBarController.swift in Sources */ = {isa = PBXBuildFile; fileRef = 9859FF9B28002CEF0007E6BE /* TabBarController.swift */; };
		9859FFA128002CF20007E6BE /* Assets.xcassets in Resources */ = {isa = PBXBuildFile; fileRef = 9859FFA028002CF20007E6BE /* Assets.xcassets */; };
		9859FFA428002CF20007E6BE /* LaunchScreen.storyboard in Resources */ = {isa = PBXBuildFile; fileRef = 9859FFA228002CF20007E6BE /* LaunchScreen.storyboard */; };
		9859FFAD28002D430007E6BE /* SnapKit in Frameworks */ = {isa = PBXBuildFile; productRef = 9859FFAC28002D430007E6BE /* SnapKit */; };
		9859FFB028002D5F0007E6BE /* Kingfisher in Frameworks */ = {isa = PBXBuildFile; productRef = 9859FFAF28002D5F0007E6BE /* Kingfisher */; };
		987877F628057C84002E8CD4 /* SnapKit in Frameworks */ = {isa = PBXBuildFile; productRef = 987877F528057C84002E8CD4 /* SnapKit */; };
		987877FA2805830C002E8CD4 /* TodayViewController.swift in Sources */ = {isa = PBXBuildFile; fileRef = 987877F92805830C002E8CD4 /* TodayViewController.swift */; };
		9878782228070A00002E8CD4 /* TodayCollectionViewCell.swift in Sources */ = {isa = PBXBuildFile; fileRef = 9878782128070A00002E8CD4 /* TodayCollectionViewCell.swift */; };
		9878782428071C83002E8CD4 /* TodayCollectionHeaderView.swift in Sources */ = {isa = PBXBuildFile; fileRef = 9878782328071C83002E8CD4 /* TodayCollectionHeaderView.swift */; };
		9878782728072570002E8CD4 /* AppViewController.swift in Sources */ = {isa = PBXBuildFile; fileRef = 9878782628072570002E8CD4 /* AppViewController.swift */; };
		987878292807DC91002E8CD4 /* FeatureSectionView.swift in Sources */ = {isa = PBXBuildFile; fileRef = 987878282807DC91002E8CD4 /* FeatureSectionView.swift */; };
		9878782B2807E934002E8CD4 /* FeatureSectionCollectionViewCell.swift in Sources */ = {isa = PBXBuildFile; fileRef = 9878782A2807E934002E8CD4 /* FeatureSectionCollectionViewCell.swift */; };
		9878782D2807EC41002E8CD4 /* Separator.swift in Sources */ = {isa = PBXBuildFile; fileRef = 9878782C2807EC41002E8CD4 /* Separator.swift */; };
		9878782F28080078002E8CD4 /* RankingFeatureSectionView.swift in Sources */ = {isa = PBXBuildFile; fileRef = 9878782E28080078002E8CD4 /* RankingFeatureSectionView.swift */; };
		9878783128080C7F002E8CD4 /* RankingFeatureCollectionViewCell.swift in Sources */ = {isa = PBXBuildFile; fileRef = 9878783028080C7F002E8CD4 /* RankingFeatureCollectionViewCell.swift */; };
		9878783328081392002E8CD4 /* ExchangeCodeButtonView.swift in Sources */ = {isa = PBXBuildFile; fileRef = 9878783228081391002E8CD4 /* ExchangeCodeButtonView.swift */; };
		9878783528082064002E8CD4 /* AppDetailViewController.swift in Sources */ = {isa = PBXBuildFile; fileRef = 9878783428082064002E8CD4 /* AppDetailViewController.swift */; };
		9878783928085DD7002E8CD4 /* Feature.plist in Resources */ = {isa = PBXBuildFile; fileRef = 9878783628085DD6002E8CD4 /* Feature.plist */; };
		9878783A28085DD7002E8CD4 /* RankingFeature.plist in Resources */ = {isa = PBXBuildFile; fileRef = 9878783728085DD7002E8CD4 /* RankingFeature.plist */; };
		9878783B28085DD7002E8CD4 /* Today.plist in Resources */ = {isa = PBXBuildFile; fileRef = 9878783828085DD7002E8CD4 /* Today.plist */; };
		9878783E28085E3C002E8CD4 /* Today.swift in Sources */ = {isa = PBXBuildFile; fileRef = 9878783D28085E3C002E8CD4 /* Today.swift */; };
		9878784028085E81002E8CD4 /* RankingFeature.swift in Sources */ = {isa = PBXBuildFile; fileRef = 9878783F28085E81002E8CD4 /* RankingFeature.swift */; };
		9878784228086714002E8CD4 /* Feature.swift in Sources */ = {isa = PBXBuildFile; fileRef = 9878784128086714002E8CD4 /* Feature.swift */; };
/* End PBXBuildFile section */

/* Begin PBXFileReference section */
		9859FF9428002CEF0007E6BE /* AppStore.app */ = {isa = PBXFileReference; explicitFileType = wrapper.application; includeInIndex = 0; path = AppStore.app; sourceTree = BUILT_PRODUCTS_DIR; };
		9859FF9728002CEF0007E6BE /* AppDelegate.swift */ = {isa = PBXFileReference; lastKnownFileType = sourcecode.swift; path = AppDelegate.swift; sourceTree = "<group>"; };
		9859FF9928002CEF0007E6BE /* SceneDelegate.swift */ = {isa = PBXFileReference; lastKnownFileType = sourcecode.swift; path = SceneDelegate.swift; sourceTree = "<group>"; };
		9859FF9B28002CEF0007E6BE /* TabBarController.swift */ = {isa = PBXFileReference; lastKnownFileType = sourcecode.swift; path = TabBarController.swift; sourceTree = "<group>"; };
		9859FFA028002CF20007E6BE /* Assets.xcassets */ = {isa = PBXFileReference; lastKnownFileType = folder.assetcatalog; path = Assets.xcassets; sourceTree = "<group>"; };
		9859FFA328002CF20007E6BE /* Base */ = {isa = PBXFileReference; lastKnownFileType = file.storyboard; name = Base; path = Base.lproj/LaunchScreen.storyboard; sourceTree = "<group>"; };
		9859FFA528002CF20007E6BE /* Info.plist */ = {isa = PBXFileReference; lastKnownFileType = text.plist.xml; path = Info.plist; sourceTree = "<group>"; };
		987877F92805830C002E8CD4 /* TodayViewController.swift */ = {isa = PBXFileReference; lastKnownFileType = sourcecode.swift; path = TodayViewController.swift; sourceTree = "<group>"; };
		9878782128070A00002E8CD4 /* TodayCollectionViewCell.swift */ = {isa = PBXFileReference; lastKnownFileType = sourcecode.swift; path = TodayCollectionViewCell.swift; sourceTree = "<group>"; };
		9878782328071C83002E8CD4 /* TodayCollectionHeaderView.swift */ = {isa = PBXFileReference; lastKnownFileType = sourcecode.swift; path = TodayCollectionHeaderView.swift; sourceTree = "<group>"; };
		9878782628072570002E8CD4 /* AppViewController.swift */ = {isa = PBXFileReference; lastKnownFileType = sourcecode.swift; path = AppViewController.swift; sourceTree = "<group>"; };
		987878282807DC91002E8CD4 /* FeatureSectionView.swift */ = {isa = PBXFileReference; lastKnownFileType = sourcecode.swift; path = FeatureSectionView.swift; sourceTree = "<group>"; };
		9878782A2807E934002E8CD4 /* FeatureSectionCollectionViewCell.swift */ = {isa = PBXFileReference; lastKnownFileType = sourcecode.swift; path = FeatureSectionCollectionViewCell.swift; sourceTree = "<group>"; };
		9878782C2807EC41002E8CD4 /* Separator.swift */ = {isa = PBXFileReference; lastKnownFileType = sourcecode.swift; path = Separator.swift; sourceTree = "<group>"; };
		9878782E28080078002E8CD4 /* RankingFeatureSectionView.swift */ = {isa = PBXFileReference; lastKnownFileType = sourcecode.swift; path = RankingFeatureSectionView.swift; sourceTree = "<group>"; };
		9878783028080C7F002E8CD4 /* RankingFeatureCollectionViewCell.swift */ = {isa = PBXFileReference; lastKnownFileType = sourcecode.swift; path = RankingFeatureCollectionViewCell.swift; sourceTree = "<group>"; };
		9878783228081391002E8CD4 /* ExchangeCodeButtonView.swift */ = {isa = PBXFileReference; lastKnownFileType = sourcecode.swift; path = ExchangeCodeButtonView.swift; sourceTree = "<group>"; };
		9878783428082064002E8CD4 /* AppDetailViewController.swift */ = {isa = PBXFileReference; lastKnownFileType = sourcecode.swift; path = AppDetailViewController.swift; sourceTree = "<group>"; };
		9878783628085DD6002E8CD4 /* Feature.plist */ = {isa = PBXFileReference; fileEncoding = 4; lastKnownFileType = text.plist.xml; path = Feature.plist; sourceTree = "<group>"; };
		9878783728085DD7002E8CD4 /* RankingFeature.plist */ = {isa = PBXFileReference; fileEncoding = 4; lastKnownFileType = text.plist.xml; path = RankingFeature.plist; sourceTree = "<group>"; };
		9878783828085DD7002E8CD4 /* Today.plist */ = {isa = PBXFileReference; fileEncoding = 4; lastKnownFileType = text.plist.xml; path = Today.plist; sourceTree = "<group>"; };
		9878783D28085E3C002E8CD4 /* Today.swift */ = {isa = PBXFileReference; lastKnownFileType = sourcecode.swift; path = Today.swift; sourceTree = "<group>"; };
		9878783F28085E81002E8CD4 /* RankingFeature.swift */ = {isa = PBXFileReference; lastKnownFileType = sourcecode.swift; path = RankingFeature.swift; sourceTree = "<group>"; };
		9878784128086714002E8CD4 /* Feature.swift */ = {isa = PBXFileReference; lastKnownFileType = sourcecode.swift; path = Feature.swift; sourceTree = "<group>"; };
/* End PBXFileReference section */

/* Begin PBXFrameworksBuildPhase section */
		9859FF9128002CEF0007E6BE /* Frameworks */ = {
			isa = PBXFrameworksBuildPhase;
			buildActionMask = 2147483647;
			files = (
				987877F628057C84002E8CD4 /* SnapKit in Frameworks */,
				9859FFB028002D5F0007E6BE /* Kingfisher in Frameworks */,
				9859FFAD28002D430007E6BE /* SnapKit in Frameworks */,
			);
			runOnlyForDeploymentPostprocessing = 0;
		};
/* End PBXFrameworksBuildPhase section */

/* Begin PBXGroup section */
		9859FF8B28002CEF0007E6BE = {
			isa = PBXGroup;
			children = (
				9859FF9628002CEF0007E6BE /* AppStore */,
				9859FF9528002CEF0007E6BE /* Products */,
			);
			sourceTree = "<group>";
		};
		9859FF9528002CEF0007E6BE /* Products */ = {
			isa = PBXGroup;
			children = (
				9859FF9428002CEF0007E6BE /* AppStore.app */,
			);
			name = Products;
			sourceTree = "<group>";
		};
		9859FF9628002CEF0007E6BE /* AppStore */ = {
			isa = PBXGroup;
			children = (
				9859FF9728002CEF0007E6BE /* AppDelegate.swift */,
				9859FF9928002CEF0007E6BE /* SceneDelegate.swift */,
				9878783D28085E3C002E8CD4 /* Today.swift */,
				9878784128086714002E8CD4 /* Feature.swift */,
				9878783F28085E81002E8CD4 /* RankingFeature.swift */,
				9878783C28085DDD002E8CD4 /* Data */,
				987877F7280582E3002E8CD4 /* Scenes */,
				9859FFA028002CF20007E6BE /* Assets.xcassets */,
				9859FFA228002CF20007E6BE /* LaunchScreen.storyboard */,
				9859FFA528002CF20007E6BE /* Info.plist */,
			);
			path = AppStore;
			sourceTree = "<group>";
		};
		987877F7280582E3002E8CD4 /* Scenes */ = {
			isa = PBXGroup;
			children = (
				9878782528072564002E8CD4 /* App */,
				987877F8280582EF002E8CD4 /* Today */,
				9859FF9B28002CEF0007E6BE /* TabBarController.swift */,
			);
			path = Scenes;
			sourceTree = "<group>";
		};
		987877F8280582EF002E8CD4 /* Today */ = {
			isa = PBXGroup;
			children = (
				9878783428082064002E8CD4 /* AppDetailViewController.swift */,
				987877F92805830C002E8CD4 /* TodayViewController.swift */,
				9878782128070A00002E8CD4 /* TodayCollectionViewCell.swift */,
				9878782328071C83002E8CD4 /* TodayCollectionHeaderView.swift */,
			);
			path = Today;
			sourceTree = "<group>";
		};
		9878782528072564002E8CD4 /* App */ = {
			isa = PBXGroup;
			children = (
				9878782628072570002E8CD4 /* AppViewController.swift */,
				987878282807DC91002E8CD4 /* FeatureSectionView.swift */,
				9878782A2807E934002E8CD4 /* FeatureSectionCollectionViewCell.swift */,
				9878782E28080078002E8CD4 /* RankingFeatureSectionView.swift */,
				9878783028080C7F002E8CD4 /* RankingFeatureCollectionViewCell.swift */,
				9878783228081391002E8CD4 /* ExchangeCodeButtonView.swift */,
				9878782C2807EC41002E8CD4 /* Separator.swift */,
			);
			path = App;
			sourceTree = "<group>";
		};
		9878783C28085DDD002E8CD4 /* Data */ = {
			isa = PBXGroup;
			children = (
				9878783628085DD6002E8CD4 /* Feature.plist */,
				9878783728085DD7002E8CD4 /* RankingFeature.plist */,
				9878783828085DD7002E8CD4 /* Today.plist */,
			);
			path = Data;
			sourceTree = "<group>";
		};
/* End PBXGroup section */

/* Begin PBXNativeTarget section */
		9859FF9328002CEF0007E6BE /* AppStore */ = {
			isa = PBXNativeTarget;
			buildConfigurationList = 9859FFA828002CF20007E6BE /* Build configuration list for PBXNativeTarget "AppStore" */;
			buildPhases = (
				9859FF9028002CEF0007E6BE /* Sources */,
				9859FF9128002CEF0007E6BE /* Frameworks */,
				9859FF9228002CEF0007E6BE /* Resources */,
			);
			buildRules = (
			);
			dependencies = (
			);
			name = AppStore;
			packageProductDependencies = (
				9859FFAC28002D430007E6BE /* SnapKit */,
				9859FFAF28002D5F0007E6BE /* Kingfisher */,
				987877F528057C84002E8CD4 /* SnapKit */,
			);
			productName = AppStore;
			productReference = 9859FF9428002CEF0007E6BE /* AppStore.app */;
			productType = "com.apple.product-type.application";
		};
/* End PBXNativeTarget section */

/* Begin PBXProject section */
		9859FF8C28002CEF0007E6BE /* Project object */ = {
			isa = PBXProject;
			attributes = {
				BuildIndependentTargetsInParallel = 1;
				LastSwiftUpdateCheck = 1330;
				LastUpgradeCheck = 1330;
				TargetAttributes = {
					9859FF9328002CEF0007E6BE = {
						CreatedOnToolsVersion = 13.3;
					};
				};
			};
			buildConfigurationList = 9859FF8F28002CEF0007E6BE /* Build configuration list for PBXProject "AppStore" */;
			compatibilityVersion = "Xcode 13.0";
			developmentRegion = en;
			hasScannedForEncodings = 0;
			knownRegions = (
				en,
				Base,
			);
			mainGroup = 9859FF8B28002CEF0007E6BE;
			packageReferences = (
				9859FFAB28002D430007E6BE /* XCRemoteSwiftPackageReference "SnapKit" */,
				9859FFAE28002D5F0007E6BE /* XCRemoteSwiftPackageReference "Kingfisher" */,
			);
			productRefGroup = 9859FF9528002CEF0007E6BE /* Products */;
			projectDirPath = "";
			projectRoot = "";
			targets = (
				9859FF9328002CEF0007E6BE /* AppStore */,
			);
		};
/* End PBXProject section */

/* Begin PBXResourcesBuildPhase section */
		9859FF9228002CEF0007E6BE /* Resources */ = {
			isa = PBXResourcesBuildPhase;
			buildActionMask = 2147483647;
			files = (
				9878783A28085DD7002E8CD4 /* RankingFeature.plist in Resources */,
				9878783B28085DD7002E8CD4 /* Today.plist in Resources */,
				9878783928085DD7002E8CD4 /* Feature.plist in Resources */,
				9859FFA428002CF20007E6BE /* LaunchScreen.storyboard in Resources */,
				9859FFA128002CF20007E6BE /* Assets.xcassets in Resources */,
			);
			runOnlyForDeploymentPostprocessing = 0;
		};
/* End PBXResourcesBuildPhase section */

/* Begin PBXSourcesBuildPhase section */
		9859FF9028002CEF0007E6BE /* Sources */ = {
			isa = PBXSourcesBuildPhase;
			buildActionMask = 2147483647;
			files = (
				987877FA2805830C002E8CD4 /* TodayViewController.swift in Sources */,
				9878783E28085E3C002E8CD4 /* Today.swift in Sources */,
				9859FF9C28002CEF0007E6BE /* TabBarController.swift in Sources */,
				9878783328081392002E8CD4 /* ExchangeCodeButtonView.swift in Sources */,
				9878784028085E81002E8CD4 /* RankingFeature.swift in Sources */,
				9859FF9828002CEF0007E6BE /* AppDelegate.swift in Sources */,
				9878782428071C83002E8CD4 /* TodayCollectionHeaderView.swift in Sources */,
				9878782728072570002E8CD4 /* AppViewController.swift in Sources */,
				9878782B2807E934002E8CD4 /* FeatureSectionCollectionViewCell.swift in Sources */,
				9859FF9A28002CEF0007E6BE /* SceneDelegate.swift in Sources */,
				9878782D2807EC41002E8CD4 /* Separator.swift in Sources */,
				9878782228070A00002E8CD4 /* TodayCollectionViewCell.swift in Sources */,
				987878292807DC91002E8CD4 /* FeatureSectionView.swift in Sources */,
				9878784228086714002E8CD4 /* Feature.swift in Sources */,
				9878783528082064002E8CD4 /* AppDetailViewController.swift in Sources */,
				9878783128080C7F002E8CD4 /* RankingFeatureCollectionViewCell.swift in Sources */,
				9878782F28080078002E8CD4 /* RankingFeatureSectionView.swift in Sources */,
			);
			runOnlyForDeploymentPostprocessing = 0;
		};
/* End PBXSourcesBuildPhase section */

/* Begin PBXVariantGroup section */
		9859FFA228002CF20007E6BE /* LaunchScreen.storyboard */ = {
			isa = PBXVariantGroup;
			children = (
				9859FFA328002CF20007E6BE /* Base */,
			);
			name = LaunchScreen.storyboard;
			sourceTree = "<group>";
		};
/* End PBXVariantGroup section */

/* Begin XCBuildConfiguration section */
		9859FFA628002CF20007E6BE /* Debug */ = {
			isa = XCBuildConfiguration;
			buildSettings = {
				ALWAYS_SEARCH_USER_PATHS = NO;
				CLANG_ANALYZER_NONNULL = YES;
				CLANG_ANALYZER_NUMBER_OBJECT_CONVERSION = YES_AGGRESSIVE;
				CLANG_CXX_LANGUAGE_STANDARD = "gnu++17";
				CLANG_ENABLE_MODULES = YES;
				CLANG_ENABLE_OBJC_ARC = YES;
				CLANG_ENABLE_OBJC_WEAK = YES;
				CLANG_WARN_BLOCK_CAPTURE_AUTORELEASING = YES;
				CLANG_WARN_BOOL_CONVERSION = YES;
				CLANG_WARN_COMMA = YES;
				CLANG_WARN_CONSTANT_CONVERSION = YES;
				CLANG_WARN_DEPRECATED_OBJC_IMPLEMENTATIONS = YES;
				CLANG_WARN_DIRECT_OBJC_ISA_USAGE = YES_ERROR;
				CLANG_WARN_DOCUMENTATION_COMMENTS = YES;
				CLANG_WARN_EMPTY_BODY = YES;
				CLANG_WARN_ENUM_CONVERSION = YES;
				CLANG_WARN_INFINITE_RECURSION = YES;
				CLANG_WARN_INT_CONVERSION = YES;
				CLANG_WARN_NON_LITERAL_NULL_CONVERSION = YES;
				CLANG_WARN_OBJC_IMPLICIT_RETAIN_SELF = YES;
				CLANG_WARN_OBJC_LITERAL_CONVERSION = YES;
				CLANG_WARN_OBJC_ROOT_CLASS = YES_ERROR;
				CLANG_WARN_QUOTED_INCLUDE_IN_FRAMEWORK_HEADER = YES;
				CLANG_WARN_RANGE_LOOP_ANALYSIS = YES;
				CLANG_WARN_STRICT_PROTOTYPES = YES;
				CLANG_WARN_SUSPICIOUS_MOVE = YES;
				CLANG_WARN_UNGUARDED_AVAILABILITY = YES_AGGRESSIVE;
				CLANG_WARN_UNREACHABLE_CODE = YES;
				CLANG_WARN__DUPLICATE_METHOD_MATCH = YES;
				COPY_PHASE_STRIP = NO;
				DEBUG_INFORMATION_FORMAT = dwarf;
				ENABLE_STRICT_OBJC_MSGSEND = YES;
				ENABLE_TESTABILITY = YES;
				GCC_C_LANGUAGE_STANDARD = gnu11;
				GCC_DYNAMIC_NO_PIC = NO;
				GCC_NO_COMMON_BLOCKS = YES;
				GCC_OPTIMIZATION_LEVEL = 0;
				GCC_PREPROCESSOR_DEFINITIONS = (
					"DEBUG=1",
					"$(inherited)",
				);
				GCC_WARN_64_TO_32_BIT_CONVERSION = YES;
				GCC_WARN_ABOUT_RETURN_TYPE = YES_ERROR;
				GCC_WARN_UNDECLARED_SELECTOR = YES;
				GCC_WARN_UNINITIALIZED_AUTOS = YES_AGGRESSIVE;
				GCC_WARN_UNUSED_FUNCTION = YES;
				GCC_WARN_UNUSED_VARIABLE = YES;
				IPHONEOS_DEPLOYMENT_TARGET = 15.4;
				MTL_ENABLE_DEBUG_INFO = INCLUDE_SOURCE;
				MTL_FAST_MATH = YES;
				ONLY_ACTIVE_ARCH = YES;
				SDKROOT = iphoneos;
				SWIFT_ACTIVE_COMPILATION_CONDITIONS = DEBUG;
				SWIFT_OPTIMIZATION_LEVEL = "-Onone";
			};
			name = Debug;
		};
		9859FFA728002CF20007E6BE /* Release */ = {
			isa = XCBuildConfiguration;
			buildSettings = {
				ALWAYS_SEARCH_USER_PATHS = NO;
				CLANG_ANALYZER_NONNULL = YES;
				CLANG_ANALYZER_NUMBER_OBJECT_CONVERSION = YES_AGGRESSIVE;
				CLANG_CXX_LANGUAGE_STANDARD = "gnu++17";
				CLANG_ENABLE_MODULES = YES;
				CLANG_ENABLE_OBJC_ARC = YES;
				CLANG_ENABLE_OBJC_WEAK = YES;
				CLANG_WARN_BLOCK_CAPTURE_AUTORELEASING = YES;
				CLANG_WARN_BOOL_CONVERSION = YES;
				CLANG_WARN_COMMA = YES;
				CLANG_WARN_CONSTANT_CONVERSION = YES;
				CLANG_WARN_DEPRECATED_OBJC_IMPLEMENTATIONS = YES;
				CLANG_WARN_DIRECT_OBJC_ISA_USAGE = YES_ERROR;
				CLANG_WARN_DOCUMENTATION_COMMENTS = YES;
				CLANG_WARN_EMPTY_BODY = YES;
				CLANG_WARN_ENUM_CONVERSION = YES;
				CLANG_WARN_INFINITE_RECURSION = YES;
				CLANG_WARN_INT_CONVERSION = YES;
				CLANG_WARN_NON_LITERAL_NULL_CONVERSION = YES;
				CLANG_WARN_OBJC_IMPLICIT_RETAIN_SELF = YES;
				CLANG_WARN_OBJC_LITERAL_CONVERSION = YES;
				CLANG_WARN_OBJC_ROOT_CLASS = YES_ERROR;
				CLANG_WARN_QUOTED_INCLUDE_IN_FRAMEWORK_HEADER = YES;
				CLANG_WARN_RANGE_LOOP_ANALYSIS = YES;
				CLANG_WARN_STRICT_PROTOTYPES = YES;
				CLANG_WARN_SUSPICIOUS_MOVE = YES;
				CLANG_WARN_UNGUARDED_AVAILABILITY = YES_AGGRESSIVE;
				CLANG_WARN_UNREACHABLE_CODE = YES;
				CLANG_WARN__DUPLICATE_METHOD_MATCH = YES;
				COPY_PHASE_STRIP = NO;
				DEBUG_INFORMATION_FORMAT = "dwarf-with-dsym";
				ENABLE_NS_ASSERTIONS = NO;
				ENABLE_STRICT_OBJC_MSGSEND = YES;
				GCC_C_LANGUAGE_STANDARD = gnu11;
				GCC_NO_COMMON_BLOCKS = YES;
				GCC_WARN_64_TO_32_BIT_CONVERSION = YES;
				GCC_WARN_ABOUT_RETURN_TYPE = YES_ERROR;
				GCC_WARN_UNDECLARED_SELECTOR = YES;
				GCC_WARN_UNINITIALIZED_AUTOS = YES_AGGRESSIVE;
				GCC_WARN_UNUSED_FUNCTION = YES;
				GCC_WARN_UNUSED_VARIABLE = YES;
				IPHONEOS_DEPLOYMENT_TARGET = 15.4;
				MTL_ENABLE_DEBUG_INFO = NO;
				MTL_FAST_MATH = YES;
				SDKROOT = iphoneos;
				SWIFT_COMPILATION_MODE = wholemodule;
				SWIFT_OPTIMIZATION_LEVEL = "-O";
				VALIDATE_PRODUCT = YES;
			};
			name = Release;
		};
		9859FFA928002CF20007E6BE /* Debug */ = {
			isa = XCBuildConfiguration;
			buildSettings = {
				ASSETCATALOG_COMPILER_APPICON_NAME = AppIcon;
				ASSETCATALOG_COMPILER_GLOBAL_ACCENT_COLOR_NAME = AccentColor;
				CODE_SIGN_STYLE = Automatic;
				CURRENT_PROJECT_VERSION = 1;
				DEVELOPMENT_TEAM = PN5JFN8NYT;
				GENERATE_INFOPLIST_FILE = YES;
				INFOPLIST_FILE = AppStore/Info.plist;
				INFOPLIST_KEY_UIApplicationSupportsIndirectInputEvents = YES;
				INFOPLIST_KEY_UILaunchStoryboardName = LaunchScreen;
				INFOPLIST_KEY_UISupportedInterfaceOrientations_iPad = "UIInterfaceOrientationPortrait UIInterfaceOrientationPortraitUpsideDown UIInterfaceOrientationLandscapeLeft UIInterfaceOrientationLandscapeRight";
				INFOPLIST_KEY_UISupportedInterfaceOrientations_iPhone = "UIInterfaceOrientationPortrait UIInterfaceOrientationLandscapeLeft UIInterfaceOrientationLandscapeRight";
				LD_RUNPATH_SEARCH_PATHS = (
					"$(inherited)",
					"@executable_path/Frameworks",
				);
				MARKETING_VERSION = 1.0;
				PRODUCT_BUNDLE_IDENTIFIER = yoonjong.AppStore;
				PRODUCT_NAME = "$(TARGET_NAME)";
				SWIFT_EMIT_LOC_STRINGS = YES;
				SWIFT_VERSION = 5.0;
				TARGETED_DEVICE_FAMILY = "1,2";
			};
			name = Debug;
		};
		9859FFAA28002CF20007E6BE /* Release */ = {
			isa = XCBuildConfiguration;
			buildSettings = {
				ASSETCATALOG_COMPILER_APPICON_NAME = AppIcon;
				ASSETCATALOG_COMPILER_GLOBAL_ACCENT_COLOR_NAME = AccentColor;
				CODE_SIGN_STYLE = Automatic;
				CURRENT_PROJECT_VERSION = 1;
				DEVELOPMENT_TEAM = PN5JFN8NYT;
				GENERATE_INFOPLIST_FILE = YES;
				INFOPLIST_FILE = AppStore/Info.plist;
				INFOPLIST_KEY_UIApplicationSupportsIndirectInputEvents = YES;
				INFOPLIST_KEY_UILaunchStoryboardName = LaunchScreen;
				INFOPLIST_KEY_UISupportedInterfaceOrientations_iPad = "UIInterfaceOrientationPortrait UIInterfaceOrientationPortraitUpsideDown UIInterfaceOrientationLandscapeLeft UIInterfaceOrientationLandscapeRight";
				INFOPLIST_KEY_UISupportedInterfaceOrientations_iPhone = "UIInterfaceOrientationPortrait UIInterfaceOrientationLandscapeLeft UIInterfaceOrientationLandscapeRight";
				LD_RUNPATH_SEARCH_PATHS = (
					"$(inherited)",
					"@executable_path/Frameworks",
				);
				MARKETING_VERSION = 1.0;
				PRODUCT_BUNDLE_IDENTIFIER = yoonjong.AppStore;
				PRODUCT_NAME = "$(TARGET_NAME)";
				SWIFT_EMIT_LOC_STRINGS = YES;
				SWIFT_VERSION = 5.0;
				TARGETED_DEVICE_FAMILY = "1,2";
			};
			name = Release;
		};
/* End XCBuildConfiguration section */

/* Begin XCConfigurationList section */
		9859FF8F28002CEF0007E6BE /* Build configuration list for PBXProject "AppStore" */ = {
			isa = XCConfigurationList;
			buildConfigurations = (
				9859FFA628002CF20007E6BE /* Debug */,
				9859FFA728002CF20007E6BE /* Release */,
			);
			defaultConfigurationIsVisible = 0;
			defaultConfigurationName = Release;
		};
		9859FFA828002CF20007E6BE /* Build configuration list for PBXNativeTarget "AppStore" */ = {
			isa = XCConfigurationList;
			buildConfigurations = (
				9859FFA928002CF20007E6BE /* Debug */,
				9859FFAA28002CF20007E6BE /* Release */,
			);
			defaultConfigurationIsVisible = 0;
			defaultConfigurationName = Release;
		};
/* End XCConfigurationList section */

/* Begin XCRemoteSwiftPackageReference section */
		9859FFAB28002D430007E6BE /* XCRemoteSwiftPackageReference "SnapKit" */ = {
			isa = XCRemoteSwiftPackageReference;
			repositoryURL = "https://github.com/SnapKit/SnapKit";
			requirement = {
				kind = upToNextMajorVersion;
				minimumVersion = 5.0.0;
			};
		};
		9859FFAE28002D5F0007E6BE /* XCRemoteSwiftPackageReference "Kingfisher" */ = {
			isa = XCRemoteSwiftPackageReference;
			repositoryURL = "https://github.com/onevcat/Kingfisher";
			requirement = {
				kind = upToNextMajorVersion;
				minimumVersion = 7.0.0;
			};
		};
/* End XCRemoteSwiftPackageReference section */

/* Begin XCSwiftPackageProductDependency section */
		9859FFAC28002D430007E6BE /* SnapKit */ = {
			isa = XCSwiftPackageProductDependency;
			package = 9859FFAB28002D430007E6BE /* XCRemoteSwiftPackageReference "SnapKit" */;
			productName = SnapKit;
		};
		9859FFAF28002D5F0007E6BE /* Kingfisher */ = {
			isa = XCSwiftPackageProductDependency;
			package = 9859FFAE28002D5F0007E6BE /* XCRemoteSwiftPackageReference "Kingfisher" */;
			productName = Kingfisher;
		};
		987877F528057C84002E8CD4 /* SnapKit */ = {
			isa = XCSwiftPackageProductDependency;
			package = 9859FFAB28002D430007E6BE /* XCRemoteSwiftPackageReference "SnapKit" */;
			productName = SnapKit;
		};
/* End XCSwiftPackageProductDependency section */
	};
	rootObject = 9859FF8C28002CEF0007E6BE /* Project object */;
}
